
Microsoft Visual Studio Solution File, Format Version 12.00
# Visual Studio Version 17
VisualStudioVersion = 17.5.33530.505
MinimumVisualStudioVersion = 10.0.40219.1
Project("{FAE04EC0-301F-11D3-BF4B-00C04F79EFBC}") = "FormCadastro.mvc", "FormCadastro.mvc\FormCadastro.mvc.csproj", "{10242579-A53E-4D85-A9DE-93E44249562F}"
EndProject
Global
	GlobalSection(SolutionConfigurationPlatforms) = preSolution
		Debug|Any CPU = Debug|Any CPU
		Release|Any CPU = Release|Any CPU
	EndGlobalSection
	GlobalSection(ProjectConfigurationPlatforms) = postSolution
		{10242579-A53E-4D85-A9DE-93E44249562F}.Debug|Any CPU.ActiveCfg = Debug|Any CPU
		{10242579-A53E-4D85-A9DE-93E44249562F}.Debug|Any CPU.Build.0 = Debug|Any CPU
		{10242579-A53E-4D85-A9DE-93E44249562F}.Release|Any CPU.ActiveCfg = Release|Any CPU
		{10242579-A53E-4D85-A9DE-93E44249562F}.Release|Any CPU.Build.0 = Release|Any CPU
	EndGlobalSection
	GlobalSection(SolutionProperties) = preSolution
		HideSolutionNode = FALSE
	EndGlobalSection
	GlobalSection(ExtensibilityGlobals) = postSolution
		SolutionGuid = {A10AB8F4-1B65-4550-8272-698B1F8516A7}
	EndGlobalSection
EndGlobal
